
Microsoft Visual Studio Solution File, Format Version 12.00
# Visual Studio Version 16
VisualStudioVersion = 16.0.31105.61
MinimumVisualStudioVersion = 10.0.40219.1
Project("{9A19103F-16F7-4668-BE54-9A1E7A4F7556}") = "Business", "Business\Business.csproj", "{AB3F7B37-AB53-48F2-BD2D-82A1BF16997C}"
EndProject
Project("{9A19103F-16F7-4668-BE54-9A1E7A4F7556}") = "DataAccess", "DataAccess\DataAccess.csproj", "{5FE4B333-40AF-4645-B722-FD21B41E5FFB}"
EndProject
Project("{9A19103F-16F7-4668-BE54-9A1E7A4F7556}") = "Entities", "Entities\Entities.csproj", "{80FCF878-BFB2-4BAB-8FC4-2097EE69D58B}"
EndProject
Project("{9A19103F-16F7-4668-BE54-9A1E7A4F7556}") = "ConsoleUI", "ConsoleUI\ConsoleUI.csproj", "{DC082200-FAA0-4BF7-9FF8-DC39F6D1CD36}"
EndProject
Project("{FAE04EC0-301F-11D3-BF4B-00C04F79EFBC}") = "Core", "Core\Core.csproj", "{2AF2B104-B585-45C4-9D5E-3F1D1C35F1D3}"
EndProject
Global
	GlobalSection(SolutionConfigurationPlatforms) = preSolution
		Debug|Any CPU = Debug|Any CPU
		Release|Any CPU = Release|Any CPU
	EndGlobalSection
	GlobalSection(ProjectConfigurationPlatforms) = postSolution
		{AB3F7B37-AB53-48F2-BD2D-82A1BF16997C}.Debug|Any CPU.ActiveCfg = Debug|Any CPU
		{AB3F7B37-AB53-48F2-BD2D-82A1BF16997C}.Debug|Any CPU.Build.0 = Debug|Any CPU
		{AB3F7B37-AB53-48F2-BD2D-82A1BF16997C}.Release|Any CPU.ActiveCfg = Release|Any CPU
		{AB3F7B37-AB53-48F2-BD2D-82A1BF16997C}.Release|Any CPU.Build.0 = Release|Any CPU
		{5FE4B333-40AF-4645-B722-FD21B41E5FFB}.Debug|Any CPU.ActiveCfg = Debug|Any CPU
		{5FE4B333-40AF-4645-B722-FD21B41E5FFB}.Debug|Any CPU.Build.0 = Debug|Any CPU
		{5FE4B333-40AF-4645-B722-FD21B41E5FFB}.Release|Any CPU.ActiveCfg = Release|Any CPU
		{5FE4B333-40AF-4645-B722-FD21B41E5FFB}.Release|Any CPU.Build.0 = Release|Any CPU
		{80FCF878-BFB2-4BAB-8FC4-2097EE69D58B}.Debug|Any CPU.ActiveCfg = Debug|Any CPU
		{80FCF878-BFB2-4BAB-8FC4-2097EE69D58B}.Debug|Any CPU.Build.0 = Debug|Any CPU
		{80FCF878-BFB2-4BAB-8FC4-2097EE69D58B}.Release|Any CPU.ActiveCfg = Release|Any CPU
		{80FCF878-BFB2-4BAB-8FC4-2097EE69D58B}.Release|Any CPU.Build.0 = Release|Any CPU
		{DC082200-FAA0-4BF7-9FF8-DC39F6D1CD36}.Debug|Any CPU.ActiveCfg = Debug|Any CPU
		{DC082200-FAA0-4BF7-9FF8-DC39F6D1CD36}.Debug|Any CPU.Build.0 = Debug|Any CPU
		{DC082200-FAA0-4BF7-9FF8-DC39F6D1CD36}.Release|Any CPU.ActiveCfg = Release|Any CPU
		{DC082200-FAA0-4BF7-9FF8-DC39F6D1CD36}.Release|Any CPU.Build.0 = Release|Any CPU
		{2AF2B104-B585-45C4-9D5E-3F1D1C35F1D3}.Debug|Any CPU.ActiveCfg = Debug|Any CPU
		{2AF2B104-B585-45C4-9D5E-3F1D1C35F1D3}.Debug|Any CPU.Build.0 = Debug|Any CPU
		{2AF2B104-B585-45C4-9D5E-3F1D1C35F1D3}.Release|Any CPU.ActiveCfg = Release|Any CPU
		{2AF2B104-B585-45C4-9D5E-3F1D1C35F1D3}.Release|Any CPU.Build.0 = Release|Any CPU
	EndGlobalSection
	GlobalSection(SolutionProperties) = preSolution
		HideSolutionNode = FALSE
	EndGlobalSection
	GlobalSection(ExtensibilityGlobals) = postSolution
		SolutionGuid = {903C0FFD-F92E-4BA8-8449-F34DFBA4ECB8}
	EndGlobalSection
EndGlobal
